
Microsoft Visual Studio Solution File, Format Version 12.00
# Visual Studio Version 16
VisualStudioVersion = 16.0.33927.289
MinimumVisualStudioVersion = 10.0.40219.1
Project("{2150E333-8FDC-42A3-9474-1A3956D46DE8}") = "Task0", "Task0", "{78901FB2-B3F1-4363-A274-6ECF12378983}"
EndProject
Project("{FAE04EC0-301F-11D3-BF4B-00C04F79EFBC}") = "Tyuiu.IlyinME.Sprint4.Task0.V27", "Tyuiu.IlyinME.Sprint4.Task0.V27\Tyuiu.IlyinME.Sprint4.Task0.V27.csproj", "{58CF2551-103D-4E0F-824C-3E8C194552A4}"
EndProject
Project("{FAE04EC0-301F-11D3-BF4B-00C04F79EFBC}") = "Tyuiu.IlyinME.Sprint4.Task0.V27.Lib", "Tyuiu.IlyinME.Sprint4.Task0.V27.Lib\Tyuiu.IlyinME.Sprint4.Task0.V27.Lib.csproj", "{585D83FA-EF2B-44FB-82A1-648216633383}"
EndProject
Project("{FAE04EC0-301F-11D3-BF4B-00C04F79EFBC}") = "Tyuiu.IlyinME.Sprint4.Task0.V27.Test", "Tyuiu.IlyinME.Sprint4.Task0.V27.Test\Tyuiu.IlyinME.Sprint4.Task0.V27.Test.csproj", "{A5D3D954-9A9E-49B8-B4D6-74BF768CCFF0}"
EndProject
Project("{2150E333-8FDC-42A3-9474-1A3956D46DE8}") = "Task1", "Task1", "{DDC5041F-AF8A-48EC-B8A1-48A349A21F31}"
EndProject
Project("{FAE04EC0-301F-11D3-BF4B-00C04F79EFBC}") = "Tyuiu.IlyinME.Sprint4.Task1.V5", "Tyuiu.IlyinME.Sprint4.Task1.V5\Tyuiu.IlyinME.Sprint4.Task1.V5.csproj", "{29321925-FA0E-4634-BE6F-9BE921DEBE98}"
EndProject
Project("{FAE04EC0-301F-11D3-BF4B-00C04F79EFBC}") = "Tyuiu.IlyinME.Sprint4.Task1.V5.Lib", "Tyuiu.IlyinME.Sprint4.Task1.V5.Lib\Tyuiu.IlyinME.Sprint4.Task1.V5.Lib.csproj", "{C6507FC2-1251-4055-BF2B-D505B84B22EE}"
EndProject
Project("{FAE04EC0-301F-11D3-BF4B-00C04F79EFBC}") = "Tyuiu.IlyinME.Sprint4.Task1.V5.Test", "Tyuiu.IlyinME.Sprint4.Task1.V5.Test\Tyuiu.IlyinME.Sprint4.Task1.V5.Test.csproj", "{529B903B-E973-4176-A81E-9F7876B2902E}"
EndProject
Project("{2150E333-8FDC-42A3-9474-1A3956D46DE8}") = "Task2", "Task2", "{21E3A0B7-D238-4457-B365-F4732E1311C1}"
EndProject
Project("{FAE04EC0-301F-11D3-BF4B-00C04F79EFBC}") = "Tyuiu.IlyinME.Sprint4.Task2.V1", "Tyuiu.IlyinME.Sprint4.Task2.V1\Tyuiu.IlyinME.Sprint4.Task2.V1.csproj", "{0B4F023C-D4ED-4083-AC08-7D2E45C94723}"
EndProject
Project("{FAE04EC0-301F-11D3-BF4B-00C04F79EFBC}") = "Tyuiu.IlyinME.Sprint4.Task2.V1.Lib", "Tyuiu.IlyinME.Sprint4.Task2.V1.Lib\Tyuiu.IlyinME.Sprint4.Task2.V1.Lib.csproj", "{C33EFBB7-64E4-499B-B85D-91E92CEB07A3}"
EndProject
Project("{FAE04EC0-301F-11D3-BF4B-00C04F79EFBC}") = "Tyuiu.IlyinME.Sprint4.Task2.V1.Test", "Tyuiu.IlyinME.Sprint4.Task2.V1.Test\Tyuiu.IlyinME.Sprint4.Task2.V1.Test.csproj", "{7C3D1DF6-7C8A-4B31-AE1E-6F0D95B6F0B5}"
EndProject
Project("{2150E333-8FDC-42A3-9474-1A3956D46DE8}") = "Task3", "Task3", "{9F9E553C-C9B9-4636-B214-8CA4831001C8}"
EndProject
Project("{FAE04EC0-301F-11D3-BF4B-00C04F79EFBC}") = "Tyuiu.IlyinME.Sprint4.Task3.V9", "Tyuiu.IlyinME.Sprint4.Task3.V9\Tyuiu.IlyinME.Sprint4.Task3.V9.csproj", "{5A448B12-6CE7-497F-9A3F-55BD88D117E9}"
EndProject
Project("{FAE04EC0-301F-11D3-BF4B-00C04F79EFBC}") = "Tyuiu.IlyinME.Sprint4.Task3.V9.Lib", "Tyuiu.IlyinME.Sprint4.Task3.V9.Lib\Tyuiu.IlyinME.Sprint4.Task3.V9.Lib.csproj", "{2E2FF7A2-F53C-4B2A-8BC2-103C330EE8F8}"
EndProject
Project("{FAE04EC0-301F-11D3-BF4B-00C04F79EFBC}") = "Tyuiu.IlyinME.Sprint4.Task3.V9.Test", "Tyuiu.IlyinME.Sprint4.Task3.V9.Test\Tyuiu.IlyinME.Sprint4.Task3.V9.Test.csproj", "{6CC134E7-DB5C-4DAD-86DC-D385B3A6F9BD}"
EndProject
Project("{2150E333-8FDC-42A3-9474-1A3956D46DE8}") = "Task4", "Task4", "{23825092-8B24-4ADE-BED3-0694006DE6B2}"
EndProject
Project("{FAE04EC0-301F-11D3-BF4B-00C04F79EFBC}") = "Tyuiu.IlyinME.Sprint4.Task4.V2", "Tyuiu.IlyinME.Sprint4.Task4.V2\Tyuiu.IlyinME.Sprint4.Task4.V2.csproj", "{3684B468-2199-40D5-999F-F12579006844}"
EndProject
Project("{FAE04EC0-301F-11D3-BF4B-00C04F79EFBC}") = "Tyuiu.IlyinME.Sprint4.Task4.V2.Lib", "Tyuiu.IlyinME.Sprint4.Task4.V2.Lib\Tyuiu.IlyinME.Sprint4.Task4.V2.Lib.csproj", "{F1861683-F523-496D-B26E-40B962CC5BD8}"
EndProject
Project("{FAE04EC0-301F-11D3-BF4B-00C04F79EFBC}") = "Tyuiu.IlyinME.Sprint4.Task4.V2.Test", "Tyuiu.IlyinME.Sprint4.Task4.V2.Test\Tyuiu.IlyinME.Sprint4.Task4.V2.Test.csproj", "{21399A89-61E5-4C73-BC55-A442A19191CC}"
EndProject
Project("{2150E333-8FDC-42A3-9474-1A3956D46DE8}") = "Task5", "Task5", "{6ECB795C-91F9-470F-8E61-B59796E518C0}"
EndProject
Project("{FAE04EC0-301F-11D3-BF4B-00C04F79EFBC}") = "Tyuiu.IlyinME.Sprint4.Task5.V21", "Tyuiu.IlyinME.Sprint4.Task5.V21\Tyuiu.IlyinME.Sprint4.Task5.V21.csproj", "{AA60ED5F-C27F-4312-ACBF-F171CA5C3035}"
EndProject
Project("{FAE04EC0-301F-11D3-BF4B-00C04F79EFBC}") = "Tyuiu.IlyinME.Sprint4.Task5.V21.Lib", "Tyuiu.IlyinME.Sprint4.Task5.V21.Lib\Tyuiu.IlyinME.Sprint4.Task5.V21.Lib.csproj", "{28A592BB-025A-49FB-AD92-508820804012}"
EndProject
Project("{FAE04EC0-301F-11D3-BF4B-00C04F79EFBC}") = "Tyuiu.IlyinME.Sprint4.Task5.V21.Test", "Tyuiu.IlyinME.Sprint4.Task5.V21.Test\Tyuiu.IlyinME.Sprint4.Task5.V21.Test.csproj", "{59E375A5-E3CE-4B43-AB82-545D98C21C15}"
EndProject
Global
	GlobalSection(SolutionConfigurationPlatforms) = preSolution
		Debug|Any CPU = Debug|Any CPU
		Release|Any CPU = Release|Any CPU
	EndGlobalSection
	GlobalSection(ProjectConfigurationPlatforms) = postSolution
		{58CF2551-103D-4E0F-824C-3E8C194552A4}.Debug|Any CPU.ActiveCfg = Debug|Any CPU
		{58CF2551-103D-4E0F-824C-3E8C194552A4}.Debug|Any CPU.Build.0 = Debug|Any CPU
		{58CF2551-103D-4E0F-824C-3E8C194552A4}.Release|Any CPU.ActiveCfg = Release|Any CPU
		{58CF2551-103D-4E0F-824C-3E8C194552A4}.Release|Any CPU.Build.0 = Release|Any CPU
		{585D83FA-EF2B-44FB-82A1-648216633383}.Debug|Any CPU.ActiveCfg = Debug|Any CPU
		{585D83FA-EF2B-44FB-82A1-648216633383}.Debug|Any CPU.Build.0 = Debug|Any CPU
		{585D83FA-EF2B-44FB-82A1-648216633383}.Release|Any CPU.ActiveCfg = Release|Any CPU
		{585D83FA-EF2B-44FB-82A1-648216633383}.Release|Any CPU.Build.0 = Release|Any CPU
		{A5D3D954-9A9E-49B8-B4D6-74BF768CCFF0}.Debug|Any CPU.ActiveCfg = Debug|Any CPU
		{A5D3D954-9A9E-49B8-B4D6-74BF768CCFF0}.Debug|Any CPU.Build.0 = Debug|Any CPU
		{A5D3D954-9A9E-49B8-B4D6-74BF768CCFF0}.Release|Any CPU.ActiveCfg = Release|Any CPU
		{A5D3D954-9A9E-49B8-B4D6-74BF768CCFF0}.Release|Any CPU.Build.0 = Release|Any CPU
		{29321925-FA0E-4634-BE6F-9BE921DEBE98}.Debug|Any CPU.ActiveCfg = Debug|Any CPU
		{29321925-FA0E-4634-BE6F-9BE921DEBE98}.Debug|Any CPU.Build.0 = Debug|Any CPU
		{29321925-FA0E-4634-BE6F-9BE921DEBE98}.Release|Any CPU.ActiveCfg = Release|Any CPU
		{29321925-FA0E-4634-BE6F-9BE921DEBE98}.Release|Any CPU.Build.0 = Release|Any CPU
		{C6507FC2-1251-4055-BF2B-D505B84B22EE}.Debug|Any CPU.ActiveCfg = Debug|Any CPU
		{C6507FC2-1251-4055-BF2B-D505B84B22EE}.Debug|Any CPU.Build.0 = Debug|Any CPU
		{C6507FC2-1251-4055-BF2B-D505B84B22EE}.Release|Any CPU.ActiveCfg = Release|Any CPU
		{C6507FC2-1251-4055-BF2B-D505B84B22EE}.Release|Any CPU.Build.0 = Release|Any CPU
		{529B903B-E973-4176-A81E-9F7876B2902E}.Debug|Any CPU.ActiveCfg = Debug|Any CPU
		{529B903B-E973-4176-A81E-9F7876B2902E}.Debug|Any CPU.Build.0 = Debug|Any CPU
		{529B903B-E973-4176-A81E-9F7876B2902E}.Release|Any CPU.ActiveCfg = Release|Any CPU
		{529B903B-E973-4176-A81E-9F7876B2902E}.Release|Any CPU.Build.0 = Release|Any CPU
		{0B4F023C-D4ED-4083-AC08-7D2E45C94723}.Debug|Any CPU.ActiveCfg = Debug|Any CPU
		{0B4F023C-D4ED-4083-AC08-7D2E45C94723}.Debug|Any CPU.Build.0 = Debug|Any CPU
		{0B4F023C-D4ED-4083-AC08-7D2E45C94723}.Release|Any CPU.ActiveCfg = Release|Any CPU
		{0B4F023C-D4ED-4083-AC08-7D2E45C94723}.Release|Any CPU.Build.0 = Release|Any CPU
		{C33EFBB7-64E4-499B-B85D-91E92CEB07A3}.Debug|Any CPU.ActiveCfg = Debug|Any CPU
		{C33EFBB7-64E4-499B-B85D-91E92CEB07A3}.Debug|Any CPU.Build.0 = Debug|Any CPU
		{C33EFBB7-64E4-499B-B85D-91E92CEB07A3}.Release|Any CPU.ActiveCfg = Release|Any CPU
		{C33EFBB7-64E4-499B-B85D-91E92CEB07A3}.Release|Any CPU.Build.0 = Release|Any CPU
		{7C3D1DF6-7C8A-4B31-AE1E-6F0D95B6F0B5}.Debug|Any CPU.ActiveCfg = Debug|Any CPU
		{7C3D1DF6-7C8A-4B31-AE1E-6F0D95B6F0B5}.Debug|Any CPU.Build.0 = Debug|Any CPU
		{7C3D1DF6-7C8A-4B31-AE1E-6F0D95B6F0B5}.Release|Any CPU.ActiveCfg = Release|Any CPU
		{7C3D1DF6-7C8A-4B31-AE1E-6F0D95B6F0B5}.Release|Any CPU.Build.0 = Release|Any CPU
		{5A448B12-6CE7-497F-9A3F-55BD88D117E9}.Debug|Any CPU.ActiveCfg = Debug|Any CPU
		{5A448B12-6CE7-497F-9A3F-55BD88D117E9}.Debug|Any CPU.Build.0 = Debug|Any CPU
		{5A448B12-6CE7-497F-9A3F-55BD88D117E9}.Release|Any CPU.ActiveCfg = Release|Any CPU
		{5A448B12-6CE7-497F-9A3F-55BD88D117E9}.Release|Any CPU.Build.0 = Release|Any CPU
		{2E2FF7A2-F53C-4B2A-8BC2-103C330EE8F8}.Debug|Any CPU.ActiveCfg = Debug|Any CPU
		{2E2FF7A2-F53C-4B2A-8BC2-103C330EE8F8}.Debug|Any CPU.Build.0 = Debug|Any CPU
		{2E2FF7A2-F53C-4B2A-8BC2-103C330EE8F8}.Release|Any CPU.ActiveCfg = Release|Any CPU
		{2E2FF7A2-F53C-4B2A-8BC2-103C330EE8F8}.Release|Any CPU.Build.0 = Release|Any CPU
		{6CC134E7-DB5C-4DAD-86DC-D385B3A6F9BD}.Debug|Any CPU.ActiveCfg = Debug|Any CPU
		{6CC134E7-DB5C-4DAD-86DC-D385B3A6F9BD}.Debug|Any CPU.Build.0 = Debug|Any CPU
		{6CC134E7-DB5C-4DAD-86DC-D385B3A6F9BD}.Release|Any CPU.ActiveCfg = Release|Any CPU
		{6CC134E7-DB5C-4DAD-86DC-D385B3A6F9BD}.Release|Any CPU.Build.0 = Release|Any CPU
		{3684B468-2199-40D5-999F-F12579006844}.Debug|Any CPU.ActiveCfg = Debug|Any CPU
		{3684B468-2199-40D5-999F-F12579006844}.Debug|Any CPU.Build.0 = Debug|Any CPU
		{3684B468-2199-40D5-999F-F12579006844}.Release|Any CPU.ActiveCfg = Release|Any CPU
		{3684B468-2199-40D5-999F-F12579006844}.Release|Any CPU.Build.0 = Release|Any CPU
		{F1861683-F523-496D-B26E-40B962CC5BD8}.Debug|Any CPU.ActiveCfg = Debug|Any CPU
		{F1861683-F523-496D-B26E-40B962CC5BD8}.Debug|Any CPU.Build.0 = Debug|Any CPU
		{F1861683-F523-496D-B26E-40B962CC5BD8}.Release|Any CPU.ActiveCfg = Release|Any CPU
		{F1861683-F523-496D-B26E-40B962CC5BD8}.Release|Any CPU.Build.0 = Release|Any CPU
		{21399A89-61E5-4C73-BC55-A442A19191CC}.Debug|Any CPU.ActiveCfg = Debug|Any CPU
		{21399A89-61E5-4C73-BC55-A442A19191CC}.Debug|Any CPU.Build.0 = Debug|Any CPU
		{21399A89-61E5-4C73-BC55-A442A19191CC}.Release|Any CPU.ActiveCfg = Release|Any CPU
		{21399A89-61E5-4C73-BC55-A442A19191CC}.Release|Any CPU.Build.0 = Release|Any CPU
		{AA60ED5F-C27F-4312-ACBF-F171CA5C3035}.Debug|Any CPU.ActiveCfg = Debug|Any CPU
		{AA60ED5F-C27F-4312-ACBF-F171CA5C3035}.Debug|Any CPU.Build.0 = Debug|Any CPU
		{AA60ED5F-C27F-4312-ACBF-F171CA5C3035}.Release|Any CPU.ActiveCfg = Release|Any CPU
		{AA60ED5F-C27F-4312-ACBF-F171CA5C3035}.Release|Any CPU.Build.0 = Release|Any CPU
		{28A592BB-025A-49FB-AD92-508820804012}.Debug|Any CPU.ActiveCfg = Debug|Any CPU
		{28A592BB-025A-49FB-AD92-508820804012}.Debug|Any CPU.Build.0 = Debug|Any CPU
		{28A592BB-025A-49FB-AD92-508820804012}.Release|Any CPU.ActiveCfg = Release|Any CPU
		{28A592BB-025A-49FB-AD92-508820804012}.Release|Any CPU.Build.0 = Release|Any CPU
		{59E375A5-E3CE-4B43-AB82-545D98C21C15}.Debug|Any CPU.ActiveCfg = Debug|Any CPU
		{59E375A5-E3CE-4B43-AB82-545D98C21C15}.Debug|Any CPU.Build.0 = Debug|Any CPU
		{59E375A5-E3CE-4B43-AB82-545D98C21C15}.Release|Any CPU.ActiveCfg = Release|Any CPU
		{59E375A5-E3CE-4B43-AB82-545D98C21C15}.Release|Any CPU.Build.0 = Release|Any CPU
	EndGlobalSection
	GlobalSection(SolutionProperties) = preSolution
		HideSolutionNode = FALSE
	EndGlobalSection
	GlobalSection(NestedProjects) = preSolution
		{58CF2551-103D-4E0F-824C-3E8C194552A4} = {78901FB2-B3F1-4363-A274-6ECF12378983}
		{585D83FA-EF2B-44FB-82A1-648216633383} = {78901FB2-B3F1-4363-A274-6ECF12378983}
		{A5D3D954-9A9E-49B8-B4D6-74BF768CCFF0} = {78901FB2-B3F1-4363-A274-6ECF12378983}
		{29321925-FA0E-4634-BE6F-9BE921DEBE98} = {DDC5041F-AF8A-48EC-B8A1-48A349A21F31}
		{C6507FC2-1251-4055-BF2B-D505B84B22EE} = {DDC5041F-AF8A-48EC-B8A1-48A349A21F31}
		{529B903B-E973-4176-A81E-9F7876B2902E} = {DDC5041F-AF8A-48EC-B8A1-48A349A21F31}
		{0B4F023C-D4ED-4083-AC08-7D2E45C94723} = {21E3A0B7-D238-4457-B365-F4732E1311C1}
		{C33EFBB7-64E4-499B-B85D-91E92CEB07A3} = {21E3A0B7-D238-4457-B365-F4732E1311C1}
		{7C3D1DF6-7C8A-4B31-AE1E-6F0D95B6F0B5} = {21E3A0B7-D238-4457-B365-F4732E1311C1}
		{5A448B12-6CE7-497F-9A3F-55BD88D117E9} = {9F9E553C-C9B9-4636-B214-8CA4831001C8}
		{2E2FF7A2-F53C-4B2A-8BC2-103C330EE8F8} = {9F9E553C-C9B9-4636-B214-8CA4831001C8}
		{6CC134E7-DB5C-4DAD-86DC-D385B3A6F9BD} = {9F9E553C-C9B9-4636-B214-8CA4831001C8}
		{3684B468-2199-40D5-999F-F12579006844} = {23825092-8B24-4ADE-BED3-0694006DE6B2}
		{F1861683-F523-496D-B26E-40B962CC5BD8} = {23825092-8B24-4ADE-BED3-0694006DE6B2}
		{21399A89-61E5-4C73-BC55-A442A19191CC} = {23825092-8B24-4ADE-BED3-0694006DE6B2}
		{AA60ED5F-C27F-4312-ACBF-F171CA5C3035} = {6ECB795C-91F9-470F-8E61-B59796E518C0}
		{28A592BB-025A-49FB-AD92-508820804012} = {6ECB795C-91F9-470F-8E61-B59796E518C0}
		{59E375A5-E3CE-4B43-AB82-545D98C21C15} = {6ECB795C-91F9-470F-8E61-B59796E518C0}
	EndGlobalSection
	GlobalSection(ExtensibilityGlobals) = postSolution
		SolutionGuid = {FFAB9C49-0693-4AF5-9147-61859F104C43}
	EndGlobalSection
EndGlobal
